
Microsoft Visual Studio Solution File, Format Version 12.00
# Visual Studio Version 17
VisualStudioVersion = 17.13.35828.75 d17.13
MinimumVisualStudioVersion = 10.0.40219.1
Project("{FAE04EC0-301F-11D3-BF4B-00C04F79EFBC}") = "diamanteDeX.ConsoleApp", "diamanteDeX.ConsoleApp\diamanteDeX.ConsoleApp.csproj", "{70F54065-6CDD-4FC3-9307-969EF3D7F369}"
EndProject
Global
	GlobalSection(SolutionConfigurationPlatforms) = preSolution
		Debug|Any CPU = Debug|Any CPU
		Release|Any CPU = Release|Any CPU
	EndGlobalSection
	GlobalSection(ProjectConfigurationPlatforms) = postSolution
		{70F54065-6CDD-4FC3-9307-969EF3D7F369}.Debug|Any CPU.ActiveCfg = Debug|Any CPU
		{70F54065-6CDD-4FC3-9307-969EF3D7F369}.Debug|Any CPU.Build.0 = Debug|Any CPU
		{70F54065-6CDD-4FC3-9307-969EF3D7F369}.Release|Any CPU.ActiveCfg = Release|Any CPU
		{70F54065-6CDD-4FC3-9307-969EF3D7F369}.Release|Any CPU.Build.0 = Release|Any CPU
	EndGlobalSection
	GlobalSection(SolutionProperties) = preSolution
		HideSolutionNode = FALSE
	EndGlobalSection
	GlobalSection(ExtensibilityGlobals) = postSolution
		SolutionGuid = {68859794-7856-44A2-9DE9-52B867A9F41E}
	EndGlobalSection
EndGlobal
